{
    "_readme": [
        "This file locks the dependencies of your project to a known state",
        "Read more about it at https://getcomposer.org/doc/01-basic-usage.md#composer-lock-the-lock-file",
        "This file is @generated automatically"
    ],
    "hash": "04a0d77e3cb98334c487fc845a180738",
    "packages": [
        {
            "name": "decouple/cli",
            "version": "dev-master",
            "source": {
                "type": "git",
                "url": "http://git.phenocode.com/decouple/cli.git",
                "reference": "1cb86dd3481595b251401028857989be8b38e1df"
            },
            "require": {
                "decouple/common": "dev-master",
                "decouple/decoupler": "dev-master",
                "decouple/registry": "dev-master"
            },
            "type": "library",
            "autoload": {
                "psr-4": {
                    "Decouple\\CLI\\Command\\": "Command/",
                    "Decouple\\CLI\\Request\\": "Request/",
                    "Decouple\\CLI\\": ""
                }
            },
            "notification-url": "https://packagist.org/downloads/",
            "license": [
                "MIT"
            ],
            "authors": [
                {
                    "name": "Andrew Ewing",
                    "email": "drew@phenocode.com"
                }
            ],
            "description": "Hack command line application container created for Decouple Framework.",
            "time": "2015-07-11 18:42:22"
        },
        {
            "name": "decouple/common",
            "version": "dev-master",
            "source": {
                "type": "git",
                "url": "http://git.phenocode.com/decouple/common.git",
                "reference": "b1798868ab03ff349dccfd3fef09331ec0a1f4d3"
            },
            "type": "library",
            "autoload": {
                "psr-4": {
                    "Decouple\\Common\\": ""
                }
            },
            "notification-url": "https://packagist.org/downloads/",
            "license": [
                "MIT"
            ],
            "authors": [
                {
                    "name": "Andrew Ewing",
                    "email": "drew@phenocode.com"
                }
            ],
            "description": "Common requirements and contracts for the Decouple Framework.",
            "time": "2015-06-11 09:08:35"
        },
        {
            "name": "decouple/dbal",
            "version": "dev-master",
            "source": {
                "type": "git",
                "url": "http://git.phenocode.com/decouple/dbal.git",
                "reference": "b085a2a88df7d3f1a46ace40191432b9f515b03e"
            },
            "type": "library",
            "autoload": {
                "psr-4": {
                    "Decouple\\DBAL\\Connector\\": "Connector/",
                    "Decouple\\DBAL\\Contract\\": "Contract/",
                    "Decouple\\DBAL\\DPDO\\": "DPDO/",
                    "Decouple\\DBAL\\Driver\\": "Driver/",
                    "Decouple\\DBAL\\Query\\": "Query/",
                    "Decouple\\DBAL\\Schema\\": "Schema/",
                    "Decouple\\DBAL\\Statement\\": "Statement/",
                    "Decouple\\DBAL\\Table\\": "Table/",
                    "Decouple\\DBAL\\": ""
                }
            },
            "notification-url": "https://packagist.org/downloads/",
            "license": [
                "MIT"
            ],
            "authors": [
                {
                    "name": "Andrew Ewing",
                    "email": "drew@phenocode.com"
                }
            ],
            "description": "Hack DBAL written for Decouple Framework.",
            "time": "2015-07-14 19:36:10"
        },
        {
            "name": "decouple/dbal-cli",
            "version": "dev-master",
            "source": {
                "type": "git",
                "url": "http://git.phenocode.com/decouple/dbal-cli.git",
                "reference": "0777bd560a58709ce368647d3391f645d190b5d7"
            },
            "type": "library",
            "autoload": {
                "psr-4": {
                    "Decouple\\DBAL_CLI\\Command\\": "Command/",
                    "Decouple\\DBAL_CLI\\Contract\\": "Contract/",
                    "Decouple\\DBAL_CLI\\": ""
                }
            },
            "notification-url": "https://packagist.org/downloads/",
            "license": [
                "MIT"
            ],
            "authors": [
                {
                    "name": "Andrew Ewing",
                    "email": "drew@phenocode.com"
                }
            ],
            "description": "Command line interface for Decouple Framework DBAL",
            "time": "2015-06-10 07:24:33"
        },
        {
            "name": "decouple/decoupler",
            "version": "dev-master",
            "source": {
                "type": "git",
                "url": "http://git.phenocode.com/decouple/decoupler.git",
                "reference": "79caae226b654f371c9353c178caa02905370128"
            },
            "type": "library",
            "autoload": {
                "psr-4": {
                    "Decouple\\Decoupler\\Reflection\\": "Reflection/",
                    "Decouple\\Decoupler\\": ""
                }
            },
            "notification-url": "https://packagist.org/downloads/",
            "license": [
                "MIT"
            ],
            "authors": [
                {
                    "name": "Andrew Ewing",
                    "email": "drew@phenocode.com"
                }
            ],
            "description": "Hack dependency injector based on reflection created for the Decouple framework",
            "time": "2015-06-10 06:50:45"
        },
        {
            "name": "decouple/http",
            "version": "dev-master",
            "source": {
                "type": "git",
                "url": "http://git.phenocode.com/decouple/http.git",
                "reference": "8a9739d06fcf3f4c97da55fc293845c00f617342"
            },
            "type": "library",
            "autoload": {
                "psr-4": {
                    "Decouple\\HTTP\\Router\\": "Router/",
                    "Decouple\\HTTP\\Request\\": "Request/",
                    "Decouple\\HTTP\\": ""
                }
            },
            "notification-url": "https://packagist.org/downloads/",
            "license": [
                "MIT"
            ],
            "authors": [
                {
                    "name": "Andrew Ewing",
                    "email": "drew@phenocode.com"
                }
            ],
            "description": "HTTP Application Container for the Decouple Framework",
            "time": "2015-06-10 06:51:09"
        },
        {
            "name": "decouple/log",
            "version": "dev-master",
            "source": {
                "type": "git",
                "url": "http://git.phenocode.com/decouple/log.git",
                "reference": "5dcde9aceb3c0935c38a0bdf73c3e03e0f144f74"
            },
            "type": "library",
            "autoload": {
                "psr-4": {
                    "Decouple\\Log\\": ""
                }
            },
            "notification-url": "https://packagist.org/downloads/",
            "license": [
                "MIT"
            ],
            "authors": [
                {
                    "name": "Andrew Ewing",
                    "email": "drew@phenocode.com"
                }
            ],
            "description": "Hack file logging utility created for Decouple Framework",
            "time": "2015-06-10 06:51:51"
        },
        {
            "name": "decouple/orm",
            "version": "dev-master",
            "source": {
                "type": "git",
                "url": "http://git.phenocode.com/decouple/orm.git",
                "reference": "f05bd98a362a1c82cbc892dd46bdb0c002a85482"
            },
            "type": "library",
            "autoload": {
                "psr-4": {
                    "Decouple\\ORM\\Model\\": "Model/",
                    "Decouple\\ORM\\": ""
                }
            },
            "notification-url": "https://packagist.org/downloads/",
            "license": [
                "MIT"
            ],
            "authors": [
                {
                    "name": "Andrew Ewing",
                    "email": "drew@phenocode.com"
                }
            ],
            "description": "Hack ORM created for the Decouple framework",
            "time": "2015-06-10 06:52:40"
        },
        {
            "name": "decouple/registry",
            "version": "dev-master",
            "source": {
                "type": "git",
                "url": "http://git.phenocode.com/decouple/registry.git",
                "reference": "83aaf71929fb0a1edac1206be782b14c0d0f806b"
            },
            "type": "library",
            "autoload": {
                "psr-4": {
                    "Decouple\\Registry\\": ""
                }
            },
            "notification-url": "https://packagist.org/downloads/",
            "license": [
                "MIT"
            ],
            "authors": [
                {
                    "name": "Andrew Ewing",
                    "email": "drew@phenocode.com"
                }
            ],
            "description": "Hack registry container created for Decouple framework, used to store data to be used by the injector.",
            "time": "2015-06-10 06:53:35"
        },
        {
            "name": "decouple/test",
            "version": "dev-master",
            "source": {
                "type": "git",
                "url": "http://git.phenocode.com/decouple/test.git",
                "reference": "7e9cb5456d8e334757f8995beb49d3bf38af01bb"
            },
            "type": "library",
            "autoload": {
                "psr-4": {
                    "Decouple\\Test\\": ""
                }
            },
            "notification-url": "https://packagist.org/downloads/",
            "license": [
                "MIT"
            ],
            "authors": [
                {
                    "name": "Andrew Ewing",
                    "email": "drew@phenocode.com"
                }
            ],
            "description": "Hack unit testing utility created for Decouple framework",
            "time": "2015-06-10 06:54:17"
        },
        {
            "name": "decouple/ui",
            "version": "dev-master",
            "source": {
                "type": "git",
                "url": "http://git.phenocode.com/decouple/ui.git",
                "reference": "d1eee6665f2b858036a9ef5f63609ba531ae9fde"
            },
            "type": "library",
            "autoload": {
                "classmap": [
                    ""
                ]
            },
            "notification-url": "https://packagist.org/downloads/",
            "license": [
                "MIT"
            ],
            "authors": [
                {
                    "name": "Andrew Ewing",
                    "email": "drew@phenocode.com"
                }
            ],
            "description": "Hack UI toolkit for Decouple framework",
            "time": "2015-07-11 18:45:15"
        },
        {
            "name": "facebook/xhp-lib",
            "version": "dev-master",
            "source": {
                "type": "git",
                "url": "https://github.com/facebook/xhp-lib.git",
                "reference": "bda55865943077aa3893ee3f6c34a45c7081e274"
            },
            "dist": {
                "type": "zip",
                "url": "https://api.github.com/repos/facebook/xhp-lib/zipball/bda55865943077aa3893ee3f6c34a45c7081e274",
                "reference": "bda55865943077aa3893ee3f6c34a45c7081e274",
                "shasum": ""
            },
            "require": {
                "hhvm": "~3.6"
            },
            "require-dev": {
                "91carriage/phpunit-hhi": "4.5.*",
                "phpunit/phpunit": "4.5.*"
            },
            "type": "library",
            "extra": {
                "branch-alias": {
                    "dev-master": "2.x-dev"
                }
            },
            "autoload": {
                "classmap": [
                    "src/"
                ]
            },
            "notification-url": "https://packagist.org/downloads/",
            "license": [
                "BSD-3-Clause"
            ],
            "description": "Class library for XHP",
            "homepage": "https://github.com/facebook/xhp-lib",
            "keywords": [
                "facebook",
                "hack",
                "hhvm",
                "xhp"
            ],
            "time": "2015-07-14 17:48:46"
        }
    ],
    "packages-dev": [],
    "aliases": [],
    "minimum-stability": "dev",
    "stability-flags": {
        "decouple/common": 20,
        "decouple/decoupler": 20,
        "decouple/cli": 20,
        "decouple/registry": 20,
        "decouple/orm": 20,
        "decouple/test": 20,
        "decouple/dbal": 20,
        "decouple/dbal-cli": 20,
        "decouple/http": 20,
        "decouple/log": 20,
        "decouple/ui": 20,
        "facebook/xhp-lib": 20
    },
    "prefer-stable": false,
    "prefer-lowest": false,
    "platform": [],
    "platform-dev": []
}
